
Microsoft Visual Studio Solution File, Format Version 12.00
# Visual Studio 2012
Project("{FAE04EC0-301F-11D3-BF4B-00C04F79EFBC}") = "RendrKit.LocalNotifications", "RendrKit.LocalNotifications\RendrKit.LocalNotifications.csproj", "{7C6BCCDA-883E-408D-9CD3-E42622B9357E}"
EndProject
Project("{FAE04EC0-301F-11D3-BF4B-00C04F79EFBC}") = "RendrKit.LocalNotifications.iOS", "RendrKit.LocalNotifications.iOS\RendrKit.LocalNotifications.iOS.csproj", "{283688C4-8540-4760-BB3A-FCD0DC1B23B5}"
EndProject
Project("{FAE04EC0-301F-11D3-BF4B-00C04F79EFBC}") = "RendrKit.LocalNotifications.Droid", "RendrKit.LocalNotifications.Droid\RendrKit.LocalNotifications.Droid.csproj", "{F8E58C7A-8D38-49FC-9DFB-22259133CA64}"
EndProject
Global
	GlobalSection(SolutionConfigurationPlatforms) = preSolution
		Debug|Any CPU = Debug|Any CPU
		Release|Any CPU = Release|Any CPU
		Debug|iPhoneSimulator = Debug|iPhoneSimulator
		Release|iPhone = Release|iPhone
		Release|iPhoneSimulator = Release|iPhoneSimulator
		Debug|iPhone = Debug|iPhone
	EndGlobalSection
	GlobalSection(ProjectConfigurationPlatforms) = postSolution
		{7C6BCCDA-883E-408D-9CD3-E42622B9357E}.Debug|Any CPU.ActiveCfg = Debug|Any CPU
		{7C6BCCDA-883E-408D-9CD3-E42622B9357E}.Debug|Any CPU.Build.0 = Debug|Any CPU
		{7C6BCCDA-883E-408D-9CD3-E42622B9357E}.Release|Any CPU.ActiveCfg = Release|Any CPU
		{7C6BCCDA-883E-408D-9CD3-E42622B9357E}.Release|Any CPU.Build.0 = Release|Any CPU
		{7C6BCCDA-883E-408D-9CD3-E42622B9357E}.Debug|iPhoneSimulator.ActiveCfg = Debug|Any CPU
		{7C6BCCDA-883E-408D-9CD3-E42622B9357E}.Debug|iPhoneSimulator.Build.0 = Debug|Any CPU
		{7C6BCCDA-883E-408D-9CD3-E42622B9357E}.Release|iPhone.ActiveCfg = Release|Any CPU
		{7C6BCCDA-883E-408D-9CD3-E42622B9357E}.Release|iPhone.Build.0 = Release|Any CPU
		{7C6BCCDA-883E-408D-9CD3-E42622B9357E}.Release|iPhoneSimulator.ActiveCfg = Release|Any CPU
		{7C6BCCDA-883E-408D-9CD3-E42622B9357E}.Release|iPhoneSimulator.Build.0 = Release|Any CPU
		{7C6BCCDA-883E-408D-9CD3-E42622B9357E}.Debug|iPhone.ActiveCfg = Debug|Any CPU
		{7C6BCCDA-883E-408D-9CD3-E42622B9357E}.Debug|iPhone.Build.0 = Debug|Any CPU
		{283688C4-8540-4760-BB3A-FCD0DC1B23B5}.Debug|Any CPU.ActiveCfg = Debug|iPhoneSimulator
		{283688C4-8540-4760-BB3A-FCD0DC1B23B5}.Debug|Any CPU.Build.0 = Debug|iPhoneSimulator
		{283688C4-8540-4760-BB3A-FCD0DC1B23B5}.Release|Any CPU.ActiveCfg = Release|iPhone
		{283688C4-8540-4760-BB3A-FCD0DC1B23B5}.Release|Any CPU.Build.0 = Release|iPhone
		{283688C4-8540-4760-BB3A-FCD0DC1B23B5}.Debug|iPhoneSimulator.ActiveCfg = Debug|iPhoneSimulator
		{283688C4-8540-4760-BB3A-FCD0DC1B23B5}.Debug|iPhoneSimulator.Build.0 = Debug|iPhoneSimulator
		{283688C4-8540-4760-BB3A-FCD0DC1B23B5}.Release|iPhone.ActiveCfg = Release|iPhone
		{283688C4-8540-4760-BB3A-FCD0DC1B23B5}.Release|iPhone.Build.0 = Release|iPhone
		{283688C4-8540-4760-BB3A-FCD0DC1B23B5}.Release|iPhoneSimulator.ActiveCfg = Release|iPhoneSimulator
		{283688C4-8540-4760-BB3A-FCD0DC1B23B5}.Release|iPhoneSimulator.Build.0 = Release|iPhoneSimulator
		{283688C4-8540-4760-BB3A-FCD0DC1B23B5}.Debug|iPhone.ActiveCfg = Debug|iPhone
		{283688C4-8540-4760-BB3A-FCD0DC1B23B5}.Debug|iPhone.Build.0 = Debug|iPhone
		{F8E58C7A-8D38-49FC-9DFB-22259133CA64}.Debug|Any CPU.ActiveCfg = Debug|Any CPU
		{F8E58C7A-8D38-49FC-9DFB-22259133CA64}.Debug|Any CPU.Build.0 = Debug|Any CPU
		{F8E58C7A-8D38-49FC-9DFB-22259133CA64}.Release|Any CPU.ActiveCfg = Release|Any CPU
		{F8E58C7A-8D38-49FC-9DFB-22259133CA64}.Release|Any CPU.Build.0 = Release|Any CPU
		{F8E58C7A-8D38-49FC-9DFB-22259133CA64}.Debug|iPhoneSimulator.ActiveCfg = Debug|Any CPU
		{F8E58C7A-8D38-49FC-9DFB-22259133CA64}.Debug|iPhoneSimulator.Build.0 = Debug|Any CPU
		{F8E58C7A-8D38-49FC-9DFB-22259133CA64}.Release|iPhone.ActiveCfg = Release|Any CPU
		{F8E58C7A-8D38-49FC-9DFB-22259133CA64}.Release|iPhone.Build.0 = Release|Any CPU
		{F8E58C7A-8D38-49FC-9DFB-22259133CA64}.Release|iPhoneSimulator.ActiveCfg = Release|Any CPU
		{F8E58C7A-8D38-49FC-9DFB-22259133CA64}.Release|iPhoneSimulator.Build.0 = Release|Any CPU
		{F8E58C7A-8D38-49FC-9DFB-22259133CA64}.Debug|iPhone.ActiveCfg = Debug|Any CPU
		{F8E58C7A-8D38-49FC-9DFB-22259133CA64}.Debug|iPhone.Build.0 = Debug|Any CPU
	EndGlobalSection
EndGlobal
